{
  "name": "jquery.terminal",
  "version": "2.12.0",
  "lockfileVersion": 3,
  "requires": true,
  "packages": {
    "": {
      "version": "2.12.0",
      "license": "MIT",
      "dependencies": {

        "wcwidth": "^1.0.1"
      },
      "devDependencies": {
        "coveralls": "^3.0.3",

        "emoji-datasource-twitter": "^4.1.0",
        "eslint": "^5.16.0",
        "gm": "^1.23.1",
        "iconv-lite": "^0.5.0",

      "version": "1.0.0",
      "integrity": "sha512-bd2L678uiWATM6m5Z1VzNCErI3jiGzt6HGY8OVICs40JQq/HALfbyNJmp0UDakEY4pMMaN0Ly5om/B1VI/+xfQ==",
      "dev": true,
      "inBundle": true,
      "optional": true
    },

      "version": "1.0.0",
      "integrity": "sha512-OO0pH2lK6a0hZnAdau5ItzHPI6pUlvI7jMVnxUQRtw4owF2wk8lOSabtGDCTP4Ggrg2MbGnWO9X8K1t4+fGMDw==",
      "dev": true,
      "inBundle": true,
      "optional": true
    },

      "engines": {
        "node": ">=4"
      }
    },

      "dev": true,
      "engines": {
        "node": ">=0.10.0"
      }
    },

      "version": "1.0.0",
      "resolved": "https://registry.npmjs.org/is-typedarray/-/is-typedarray-1.0.0.tgz",
      "integrity": "sha1-5HnICFjfDBsR3dppQPlgEfzaSpo=",
      "dev": true
    },
    "node_modules/is-windows": {
      "version": "1.0.2",
      "resolved": "https://registry.npmjs.org/is-windows/-/is-windows-1.0.2.tgz",
      "integrity": "sha512-eXK1UInq2bPmjyX6e3VHIzMLobc4J94i4AWn+Hpq3OU5KkrRC96OAcR3PRJ/pGu6m8TRnBHP9dkXQVsT/COVIA==",
      "dev": true,

      "version": "1.0.0",
      "resolved": "https://registry.npmjs.org/isarray/-/isarray-1.0.0.tgz",
      "integrity": "sha1-u5NdSFgsuhaMBoNJV6VKPgcSTxE=",
      "dev": true
    },

    "node_modules/istanbul-lib-instrument": {
      "version": "3.3.0",
      "resolved": "https://registry.npmjs.org/istanbul-lib-instrument/-/istanbul-lib-instrument-3.3.0.tgz",
      "integrity": "sha512-5nnIN4vo5xQZHdXno/YDXJ0G+I3dAm4XgzfSVTPLQpj/zAV2dV6Juy0yaf10/zrJOJeHoN3fraFe+XRq2bFVZA==",
      "dev": true,
      "dependencies": {
        "@babel/generator": "^7.4.0",
        "@babel/parser": "^7.4.3",
        "@babel/template": "^7.4.0",
        "@babel/traverse": "^7.4.3",
        "@babel/types": "^7.4.0",
        "istanbul-lib-coverage": "^2.0.5",
        "semver": "^6.0.0"
      },
      "engines": {
        "node": ">=6"

    "node_modules/istanbul-lib-report": {
      "version": "2.0.8",
      "resolved": "https://registry.npmjs.org/istanbul-lib-report/-/istanbul-lib-report-2.0.8.tgz",
      "integrity": "sha512-fHBeG573EIihhAblwgxrSenp0Dby6tJMFR/HvlerBsrCTD5bkUuoNtn3gVh29ZCS824cGGBPn7Sg7cNk+2xUsQ==",
      "dev": true,
      "dependencies": {
        "istanbul-lib-coverage": "^2.0.5",
        "make-dir": "^2.1.0",
        "supports-color": "^6.1.0"
      },
      "engines": {
        "node": ">=6"
      }
    },
    "node_modules/istanbul-lib-report/node_modules/supports-color": {
      "version": "6.1.0",
      "resolved": "https://registry.npmjs.org/supports-color/-/supports-color-6.1.0.tgz",
      "integrity": "sha512-qe1jfm1Mg7Nq/NSh6XE24gPXROEVsWHxC1LIx//XNlD9iw7YZQGjZNjYN7xGaEG6iKdA8EtNFW6R0gjnVXp+wQ==",
      "dev": true,
      "dependencies": {
        "has-flag": "^3.0.0"
      },
      "engines": {
        "node": ">=6"
      }
    },
    "node_modules/istanbul-lib-source-maps": {
      "version": "3.0.6",
      "resolved": "https://registry.npmjs.org/istanbul-lib-source-maps/-/istanbul-lib-source-maps-3.0.6.tgz",
      "integrity": "sha512-R47KzMtDJH6X4/YW9XTx+jrLnZnscW4VpNN+1PViSYTejLVPWv7oov+Duf8YQSPyVRUvueQqz1TcsC6mooZTXw==",
      "dev": true,
      "dependencies": {
        "debug": "^4.1.1",
        "istanbul-lib-coverage": "^2.0.5",
        "make-dir": "^2.1.0",
        "rimraf": "^2.6.3",
        "source-map": "^0.6.1"
      },
      "engines": {
        "node": ">=6"

    "node_modules/istanbul-reports": {
      "version": "2.2.6",
      "resolved": "https://registry.npmjs.org/istanbul-reports/-/istanbul-reports-2.2.6.tgz",
      "integrity": "sha512-SKi4rnMyLBKe0Jy2uUdx28h8oG7ph2PPuQPvIAh31d+Ci+lSiEu4C+h3oBPuJ9+mPKhOyW0M8gY4U5NM1WLeXA==",
      "dev": true,
      "dependencies": {
        "handlebars": "^4.1.2"
      },
      "engines": {
        "node": ">=6"
      }
    },
    "node_modules/jest": {
      "version": "24.9.0",
      "resolved": "https://registry.npmjs.org/jest/-/jest-24.9.0.tgz",
      "integrity": "sha512-YvkBL1Zm7d2B1+h5fHEOdyjCG+sGMz4f8D86/0HiqJ6MB4MnDc8FgP5vdWsGnemOQro7lnYo8UakZ3+5A0jxGw==",
      "dev": true,
      "dependencies": {
        "import-local": "^2.0.0",
        "jest-cli": "^24.9.0"
      },
      "bin": {
        "jest": "bin/jest.js"
      },
      "engines": {
        "node": ">= 6"
      }
    },
    "node_modules/jest-changed-files": {
      "version": "24.9.0",
      "resolved": "https://registry.npmjs.org/jest-changed-files/-/jest-changed-files-24.9.0.tgz",
      "integrity": "sha512-6aTWpe2mHF0DhL28WjdkO8LyGjs3zItPET4bMSeXU6T3ub4FPMw+mcOcbdGXQOAfmLcxofD23/5Bl9Z4AkFwqg==",
      "dev": true,
      "dependencies": {
        "@jest/types": "^24.9.0",
        "execa": "^1.0.0",
        "throat": "^4.0.0"
      },
      "engines": {
        "node": ">= 6"

      "version": "24.9.0",
      "resolved": "https://registry.npmjs.org/jest-config/-/jest-config-24.9.0.tgz",
      "integrity": "sha512-RATtQJtVYQrp7fvWg6f5y3pEFj9I+H8sWw4aKxnDZ96mob5i5SD6ZEGWgMLXQ4LE8UurrjbdlLWdUeo+28QpfQ==",
      "dev": true,
      "dependencies": {
        "@jest/types": "^24.9.0",
        "babel-jest": "^24.9.0",
        "chalk": "^2.0.1",
        "glob": "^7.1.1",
        "jest-environment-jsdom": "^24.9.0",
        "jest-environment-node": "^24.9.0",
        "jest-get-type": "^24.9.0",
        "jest-jasmine2": "^24.9.0",
        "jest-regex-util": "^24.3.0",
        "jest-resolve": "^24.9.0",
        "jest-util": "^24.9.0",
        "jest-validate": "^24.9.0",
        "micromatch": "^3.1.10",
        "pretty-format": "^24.9.0",
        "realpath-native": "^1.1.0"
      },
      "engines": {
        "node": ">= 6"

      "version": "24.9.0",
      "resolved": "https://registry.npmjs.org/jest-diff/-/jest-diff-24.9.0.tgz",
      "integrity": "sha512-qMfrTs8AdJE2iqrTp0hzh7kTd2PQWrsFyj9tORoKmu32xjPjeE4NyjVRDz8ybYwqS2ik8N4hsIpiVTyFeo2lBQ==",
      "dev": true,
      "dependencies": {
        "chalk": "^2.0.1",
        "diff-sequences": "^24.9.0",
        "jest-get-type": "^24.9.0",
        "pretty-format": "^24.9.0"
      },
      "engines": {
        "node": ">= 6"
      }
    },

      "version": "24.9.0",
      "resolved": "https://registry.npmjs.org/jest-each/-/jest-each-24.9.0.tgz",
      "integrity": "sha512-ONi0R4BvW45cw8s2Lrx8YgbeXL1oCQ/wIDwmsM3CqM/nlblNCPmnC3IPQlMbRFZu3wKdQ2U8BqM6lh3LJ5Bsog==",
      "dev": true,
      "dependencies": {
        "@jest/types": "^24.9.0",
        "chalk": "^2.0.1",
        "jest-get-type": "^24.9.0",
        "jest-util": "^24.9.0",
        "pretty-format": "^24.9.0"
      },
      "engines": {
        "node": ">= 6"
      }
    },

      "version": "24.9.0",
      "resolved": "https://registry.npmjs.org/jest-environment-jsdom/-/jest-environment-jsdom-24.9.0.tgz",
      "integrity": "sha512-Zv9FV9NBRzLuALXjvRijO2351DRQeLYXtpD4xNvfoVFw21IOKNhZAEUKcbiEtjTkm2GsJ3boMVgkaR7rN8qetA==",
      "dev": true,
      "dependencies": {
        "@jest/types": "^24.9.0",
        "jest-mock": "^24.9.0",
        "jest-util": "^24.9.0",

      },
      "engines": {
        "node": ">= 6"
      }
    },

      "version": "24.9.0",
      "resolved": "https://registry.npmjs.org/jest-environment-node/-/jest-environment-node-24.9.0.tgz",
      "integrity": "sha512-6d4V2f4nxzIzwendo27Tr0aFm+IXWa0XEUnaH6nU0FMaozxovt+sfRvh4J47wL1OvF83I3SSTu0XK+i4Bqe7uA==",
      "dev": true,

      },
      "engines": {
        "node": ">= 6"
      }

      }

    },

      "engines": {
        "node": ">=6"
      }
    },

    "node_modules/prelude-ls": {
      "version": "1.1.2",
      "resolved": "https://registry.npmjs.org/prelude-ls/-/prelude-ls-1.1.2.tgz",
      "integrity": "sha1-IZMqVJ9eUv/ZqCf1cOBL5iqX2lQ=",

    "node_modules/progress": {
      "version": "2.0.3",
      "resolved": "https://registry.npmjs.org/progress/-/progress-2.0.3.tgz",
      "integrity": "sha512-7PiHtLll5LdnKIMw100I+8xJXR5gW2QwWYkT6iJva0bXitZKa/XMrSbdmg3r2Xnaidz9Qumd0VPaMrZlF9V9sA==",

      },
      "engines": {
        "node": ">= 6"
      }
    },
    "node_modules/pseudomap": {
      "version": "1.0.2",
      "resolved": "https://registry.npmjs.org/pseudomap/-/pseudomap-1.0.2.tgz",
      "integrity": "sha1-8FKijacOYYkX7wqKw0wa5aaChrM=",
      "dev": true
    },
    "node_modules/psl": {
      "version": "1.4.0",
      "resolved": "https://registry.npmjs.org/psl/-/psl-1.4.0.tgz",
      "integrity": "sha512-HZzqCGPecFLyoRj5HLfuDSKYTJkAfB5thKBIkRHtGjWwY7p1dAyveIbXIq4tO0KYfDF2tHqPUgY9SDnGm00uFw==",
      "dev": true
    },

    "node_modules/punycode": {
      "version": "2.1.1",
      "resolved": "https://registry.npmjs.org/punycode/-/punycode-2.1.1.tgz",
      "integrity": "sha512-XRsRjdf+j5ml+y/6GKHPZbrF/8p2Yga0JPtdqTIY2Xe5ohJPD9saDJJLPvp9+NSBprVvevdXZybnj2cv8OEd0A==",

    },
    "node_modules/regexpp": {
      "version": "2.0.1",
      "resolved": "https://registry.npmjs.org/regexpp/-/regexpp-2.0.1.tgz",
      "integrity": "sha512-lv0M6+TkDVniA3aD1Eg0DVpfU/booSu7Eev3TDO/mZKHBfVjgCGTV4t4buppESEYDtkArYFOxTJWv6S5C+iaNw==",
      "dev": true,
      "engines": {
        "node": ">=6.5.0"
      }

    },
    "node_modules/request": {
      "version": "2.88.0",
      "resolved": "https://registry.npmjs.org/request/-/request-2.88.0.tgz",
      "integrity": "sha512-NAqBSrijGLZdM0WZNsInLJpkJokL72XYjUpnB0iwsRgxh7dB6COrHnTBNwN0E+lHDAJzu7kLAkDeY08z2/A0hg==",
      "deprecated": "request has been deprecated, see https://github.com/request/request/issues/3142",
      "dev": true,
      "dependencies": {
        "aws-sign2": "~0.7.0",
        "aws4": "^1.8.0",
        "caseless": "~0.12.0",
        "combined-stream": "~1.0.6",
        "extend": "~3.0.2",
        "forever-agent": "~0.6.1",
        "form-data": "~2.3.2",
        "har-validator": "~5.1.0",
        "http-signature": "~1.2.0",
        "is-typedarray": "~1.0.0",
        "isstream": "~0.1.2",
        "json-stringify-safe": "~5.0.1",
        "mime-types": "~2.1.19",
        "oauth-sign": "~0.9.0",
        "performance-now": "^2.1.0",
        "qs": "~6.5.2",
        "safe-buffer": "^5.1.2",
        "tough-cookie": "~2.4.3",
        "tunnel-agent": "^0.6.0",
        "uuid": "^3.3.2"

    "node_modules/resolve-from": {
      "version": "4.0.0",
      "resolved": "https://registry.npmjs.org/resolve-from/-/resolve-from-4.0.0.tgz",
      "integrity": "sha512-pb/MYmXstAkysRFx8piNI1tGFNQIFA3vkE3Gq4EuA1dF6gHp/+vgZqsCGJapvy8N3Q+4o7FwvquPJcnZ7RYy4g==",
      "dev": true,
      "engines": {
        "node": ">=4"
      }
    },

    },
    "node_modules/restore-cursor": {
      "version": "2.0.0",
      "resolved": "https://registry.npmjs.org/restore-cursor/-/restore-cursor-2.0.0.tgz",
      "integrity": "sha1-n37ih/gv0ybU/RYpI9YhKe7g368=",
      "dev": true,
      "dependencies": {
        "onetime": "^2.0.0",
        "signal-exit": "^3.0.2"
      },
      "engines": {
        "node": ">=4"
      }
    },

    "node_modules/rimraf": {
      "version": "2.6.3",
      "resolved": "https://registry.npmjs.org/rimraf/-/rimraf-2.6.3.tgz",
      "integrity": "sha512-mwqeW5XsA2qAejG46gYdENaxXjx9onRNCfn7L0duuP4hCuTIi/QO7PDK07KJfp1d+izWPrzEJDcSqBa0OZQriA==",
      "deprecated": "Rimraf versions prior to v4 are no longer supported",
      "dev": true,
      "dependencies": {
        "glob": "^7.1.3"
      },
      "bin": {
        "rimraf": "bin.js"
      }
    },

    "node_modules/run-async": {
      "version": "2.3.0",
      "resolved": "https://registry.npmjs.org/run-async/-/run-async-2.3.0.tgz",
      "integrity": "sha1-A3GrSuC91yDUFm19/aZP96RFpsA=",
      "dev": true,
      "dependencies": {
        "is-promise": "^2.1.0"
      },
      "engines": {
        "node": ">=0.12.0"
      }
    },
    "node_modules/rxjs": {
      "version": "6.5.2",
      "resolved": "https://registry.npmjs.org/rxjs/-/rxjs-6.5.2.tgz",
      "integrity": "sha512-HUb7j3kvb7p7eCUHE3FqjoDsC1xfZQ4AHFWfTKSpZ+sAhhz5X1WX0ZuUqWbzB2QhSLp3DoLUG+hMdEDKqWo2Zg==",
      "dev": true,
      "dependencies": {
        "tslib": "^1.9.0"
      },
      "engines": {
        "npm": ">=2.0.0"
      }
    },
    "node_modules/safe-buffer": {
      "version": "5.2.0",
      "resolved": "https://registry.npmjs.org/safe-buffer/-/safe-buffer-5.2.0.tgz",
      "integrity": "sha512-fZEwUGbVl7kouZs1jCdMLdt95hdIv0ZeHg6L7qPeciMZhZ+/gdesW4wgTARkrFWEpspjEATAzUGPG8N2jJiwbg==",
      "dev": true
    },

    "node_modules/safer-buffer": {
      "version": "2.1.2",
      "resolved": "https://registry.npmjs.org/safer-buffer/-/safer-buffer-2.1.2.tgz",
      "integrity": "sha512-YZo3K82SD7Riyi0E1EQPojLz7kpepnSQI9IyPbHHg1XXXevb5dJI7tpyN2ADxGcQbHG7vcyRHk0cbwqcQriUtg==",
      "dev": true
    },

      "version": "5.5.0",
      "resolved": "https://registry.npmjs.org/semver/-/semver-5.5.0.tgz",
      "integrity": "sha512-4SJ3dm0WAwWy/NVeioZh5AntkdJoWKxHxcmyP622fOkgHa4z3R0TdBJICINyaSDE6uNwVc8gZr+ZinwZAH4xIA==",
      "dev": true,
      "bin": {
        "semver": "bin/semver"

      },
      "engines": {
        "node": ">=0.10.0"
      }
    },

      }
    },
    "node_modules/sprintf-js": {
      "version": "1.0.3",
      "resolved": "https://registry.npmjs.org/sprintf-js/-/sprintf-js-1.0.3.tgz",
      "integrity": "sha1-BOaSb2YolTVPPdAVIDYzuFcpfiw=",
      "dev": true
    },
    "node_modules/sshpk": {
      "version": "1.16.1",
      "resolved": "https://registry.npmjs.org/sshpk/-/sshpk-1.16.1.tgz",
      "integrity": "sha512-HXXqVUq7+pcKeLqqZj6mHFUMvXtOJt1uoUx09pFW6011inTMxqI8BA8PM95myrIyyKwdnzjdFjLiE6KBPVtJIg==",
      "dev": true,
      "dependencies": {
        "asn1": "~0.2.3",
        "assert-plus": "^1.0.0",
        "bcrypt-pbkdf": "^1.0.0",
        "dashdash": "^1.12.0",
        "ecc-jsbn": "~0.1.1",
        "getpass": "^0.1.1",
        "jsbn": "~0.1.0",
        "safer-buffer": "^2.0.2",
        "tweetnacl": "~0.14.0"
      },
      "bin": {
        "sshpk-conv": "bin/sshpk-conv",
        "sshpk-sign": "bin/sshpk-sign",
        "sshpk-verify": "bin/sshpk-verify"
      },
      "engines": {
        "node": ">=0.10.0"
      }
    },

      }
    },
    "node_modules/string-width": {
      "version": "2.1.1",
      "resolved": "https://registry.npmjs.org/string-width/-/string-width-2.1.1.tgz",
      "integrity": "sha512-nOqH59deCq9SRHlxq1Aw85Jnt4w6KvLKqWVik6oA9ZklXLNIOlqg4F2yrT1MVaTjAqvVwdfeZ7w7aCvJD7ugkw==",
      "dev": true,
      "dependencies": {
        "is-fullwidth-code-point": "^2.0.0",
        "strip-ansi": "^4.0.0"
      },
      "engines": {
        "node": ">=4"
      }
    },
    "node_modules/strip-ansi": {
      "version": "4.0.0",
      "resolved": "https://registry.npmjs.org/strip-ansi/-/strip-ansi-4.0.0.tgz",
      "integrity": "sha1-qEeQIusaw2iocTibY1JixQXuNo8=",
      "dev": true,
      "dependencies": {
        "ansi-regex": "^3.0.0"
      },
      "engines": {
        "node": ">=4"
      }
    },
    "node_modules/strip-bom": {

      }
    },
    "node_modules/strip-json-comments": {
      "version": "2.0.1",
      "resolved": "https://registry.npmjs.org/strip-json-comments/-/strip-json-comments-2.0.1.tgz",
      "integrity": "sha1-PFMZQukIwml8DsNEhYwobHygpgo=",
      "dev": true,
      "engines": {
        "node": ">=0.10.0"
      }
    },
    "node_modules/stylehacks": {

      }
    },
    "node_modules/supports-color": {
      "version": "5.5.0",
      "resolved": "https://registry.npmjs.org/supports-color/-/supports-color-5.5.0.tgz",
      "integrity": "sha512-QjVjwdXIt408MIiAqCX4oUKsgU2EqAGzs2Ppkm4aQYbjm+ZEWEcW4SfFNTr4uMNZma0ey4f5lgLrkB0aX0QMow==",
      "dev": true,
      "dependencies": {
        "has-flag": "^3.0.0"
      },
      "engines": {
        "node": ">=4"
      }
    },

      },
      "bin": {
        "svgo": "bin/svgo"
      },
      "engines": {

    },
    "node_modules/table": {
      "version": "5.3.3",
      "resolved": "https://registry.npmjs.org/table/-/table-5.3.3.tgz",
      "integrity": "sha512-3wUNCgdWX6PNpOe3amTTPWPuF6VGvgzjKCaO1snFj0z7Y3mUPWf5+zDtxUVGispJkDECPmR29wbzh6bVMOHbcw==",
      "dev": true,
      "dependencies": {
        "ajv": "^6.9.1",
        "lodash": "^4.17.11",
        "slice-ansi": "^2.1.0",
        "string-width": "^3.0.0"
      },
      "engines": {
        "node": ">=6.0.0"

      }
    },
    "node_modules/text-table": {
      "version": "0.2.0",
      "resolved": "https://registry.npmjs.org/text-table/-/text-table-0.2.0.tgz",
      "integrity": "sha1-f17oI66AUgfACvLfSoTsP8+lcLQ=",
      "dev": true
    },

    "node_modules/through": {
      "version": "2.3.8",
      "resolved": "https://registry.npmjs.org/through/-/through-2.3.8.tgz",
      "integrity": "sha1-DdTJ/6q8NXlgsbckEV1+Doai4fU=",
      "dev": true
    },

      "version": "0.0.33",
      "resolved": "https://registry.npmjs.org/tmp/-/tmp-0.0.33.tgz",
      "integrity": "sha512-jRCJlojKnZ3addtTOjdIqoRuPEKBvNXcGYqzO6zWZX8KfKEpnGY5jfggJQ3EjKuu8D4bJRr0y+cYJFmYbImXGw==",
      "dev": true,

      }
    },
    "node_modules/tough-cookie": {
      "version": "2.4.3",
      "resolved": "https://registry.npmjs.org/tough-cookie/-/tough-cookie-2.4.3.tgz",
      "integrity": "sha512-Q5srk/4vDM54WJsJio3XNn6K2sCG+CQ8G5Wz6bZhRZoAe/+TxjWB/GlFAnYEbkYVlON9FMk/fE3h2RLpPXo4lQ==",
      "dev": true,
      "dependencies": {
        "psl": "^1.1.24",
        "punycode": "^1.4.1"
      },
      "engines": {
        "node": ">=0.8"
      }
    },
    "node_modules/tough-cookie/node_modules/punycode": {
      "version": "1.4.1",
      "resolved": "https://registry.npmjs.org/punycode/-/punycode-1.4.1.tgz",
      "integrity": "sha1-wNWmOycYgArY4esPpSachN1BhF4=",
      "dev": true

    },
    "node_modules/tslib": {
      "version": "1.9.3",
      "resolved": "https://registry.npmjs.org/tslib/-/tslib-1.9.3.tgz",
      "integrity": "sha512-4krF8scpejhaOgqzBEcGM7yDIEfi0/8+8zDRZhNZZ2kjmHJ4hv3zCbQWxoJGz1iw5U0Jl0nma13xzHXcncMavQ==",
      "dev": true
    },
    "node_modules/tunnel-agent": {
      "version": "0.6.0",
      "resolved": "https://registry.npmjs.org/tunnel-agent/-/tunnel-agent-0.6.0.tgz",
      "integrity": "sha1-J6XeoGs2sEoKmWZ3SykIaPD8QP0=",
      "dev": true,
      "dependencies": {
        "safe-buffer": "^5.0.1"
      },
      "engines": {
        "node": "*"
      }
    },
    "node_modules/tweetnacl": {
      "version": "0.14.5",
      "resolved": "https://registry.npmjs.org/tweetnacl/-/tweetnacl-0.14.5.tgz",
      "integrity": "sha1-WuaBd/GS1EViadEIr6k/+HQ/T2Q=",
      "dev": true
    },
    "node_modules/type-check": {
      "version": "0.3.2",
      "resolved": "https://registry.npmjs.org/type-check/-/type-check-0.3.2.tgz",
      "integrity": "sha1-WITKtRLPHTVeP7eE8wgEsrUg23I=",
      "dev": true,
      "dependencies": {
        "prelude-ls": "~1.1.2"
      },
      "engines": {
        "node": ">= 0.8.0"

      }
    },
    "node_modules/typescript": {
      "version": "3.1.6",
      "resolved": "https://registry.npmjs.org/typescript/-/typescript-3.1.6.tgz",
      "integrity": "sha512-tDMYfVtvpb96msS1lDX9MEdHrW4yOuZ4Kdc4Him9oU796XldPYF/t2+uKoX0BBa0hXXwDlqYQbXY5Rzjzc5hBA==",
      "dev": true,
      "bin": {
        "tsc": "bin/tsc",
        "tsserver": "bin/tsserver"
      },
      "engines": {
        "node": ">=4.2.0"
      }
    },
    "node_modules/uglify-js": {
      "version": "3.6.0",
      "resolved": "https://registry.npmjs.org/uglify-js/-/uglify-js-3.6.0.tgz",
      "integrity": "sha512-W+jrUHJr3DXKhrsS7NUVxn3zqMOFn0hL/Ei6v0anCIMoKC93TjcflTagwIHLW7SfMFfiQuktQyFVCFHGUE0+yg==",
      "dev": true,
      "dependencies": {
        "commander": "~2.20.0",
        "source-map": "~0.6.1"
      },
      "bin": {
        "uglifyjs": "bin/uglifyjs"

    "node_modules/uri-js": {
      "version": "4.2.2",
      "resolved": "https://registry.npmjs.org/uri-js/-/uri-js-4.2.2.tgz",
      "integrity": "sha512-KY9Frmirql91X2Qgjry0Wd4Y+YTdrdZheS8TFwvkbLWf/G5KNJDCh6pKL5OZctEW4+0Baa5idK2ZQuELRwPznQ==",
      "dev": true,
      "dependencies": {
        "punycode": "^2.1.0"
      }
    },

    },
    "node_modules/uuid": {
      "version": "3.3.3",
      "resolved": "https://registry.npmjs.org/uuid/-/uuid-3.3.3.tgz",
      "integrity": "sha512-pW0No1RGHgzlpHJO1nsVrHKpOEIxkGg1xB+v0ZmdNH5OAeAwzAVrCnI2/6Mtx+Uys6iaylxa+D3g4j63IKKjSQ==",
      "deprecated": "Please upgrade  to version 7 or higher.  Older versions may use Math.random() in certain circumstances, which is known to be problematic.  See https://v8.dev/blog/math-random for details.",

    "node_modules/verror": {
      "version": "1.10.0",
      "resolved": "https://registry.npmjs.org/verror/-/verror-1.10.0.tgz",
      "integrity": "sha1-OhBcoXBTr1XW4nDB+CiGguGNpAA=",
      "dev": true,
      "engines": [
        "node >=0.6.0"
      ],
      "dependencies": {
        "assert-plus": "^1.0.0",
        "core-util-is": "1.0.2",
        "extsprintf": "^1.2.0"
      }
    },

      }
    },
    "node_modules/wcwidth": {
      "version": "1.0.1",
      "resolved": "https://registry.npmjs.org/wcwidth/-/wcwidth-1.0.1.tgz",
      "integrity": "sha1-8LDc+RW8X/FSivrbLA4XtTLaL+g=",

    "node_modules/wrappy": {
      "version": "1.0.2",
      "resolved": "https://registry.npmjs.org/wrappy/-/wrappy-1.0.2.tgz",
      "integrity": "sha1-tSQ9jz7BqjXxNkYFvA0QNuMKtp8=",
      "dev": true
    },
    "node_modules/write": {
      "version": "1.0.3",
      "resolved": "https://registry.npmjs.org/write/-/write-1.0.3.tgz",
      "integrity": "sha512-/lg70HAjtkUgWPVZhZcm+T4hkL8Zbtp1nFNOn3lRrxnlv50SRBv7cR7RqR+GMsd3hUXy9hWBo4CHTbFTcOYwig==",
      "dev": true,
      "dependencies": {
        "mkdirp": "^0.5.1"
      },
      "engines": {
        "node": ">=4"
      }
    },
    "node_modules/write-file-atomic": {

    "node_modules/yallist": {
      "version": "2.1.2",
      "resolved": "https://registry.npmjs.org/yallist/-/yallist-2.1.2.tgz",
      "integrity": "sha1-HBH5IY8HYImkfdUS+TxmmaaoHVI=",
      "dev": true
    },
    "node_modules/yargs": {

      }
    },
    "node_modules/yargs/node_modules/ansi-regex": {
      "version": "4.1.0",
      "resolved": "https://registry.npmjs.org/ansi-regex/-/ansi-regex-4.1.0.tgz",
      "integrity": "sha512-1apePfXM1UOSqw0o9IiFAovVz9M5S1Dg+4TrDwfMewQ6p/rmMueb7tWZjQ1rx4Loy1ArBggoqGpfqqdI4rondg==",
      "dev": true,
      "engines": {
        "node": ">=6"
      }
    },
    "node_modules/yargs/node_modules/string-width": {
      "version": "3.1.0",
      "resolved": "https://registry.npmjs.org/string-width/-/string-width-3.1.0.tgz",
      "integrity": "sha512-vafcv6KjVZKSgz06oM/H6GDBrAtz8vdhQakGjFIvNrHA6y3HCF1CInLy+QLq8dTJPQ1b+KDUqDFctkdRW44e1w==",
      "dev": true,
      "dependencies": {
        "emoji-regex": "^7.0.1",
        "is-fullwidth-code-point": "^2.0.0",
        "strip-ansi": "^5.1.0"
      },
      "engines": {
        "node": ">=6"
      }
    },
    "node_modules/yargs/node_modules/strip-ansi": {
      "version": "5.2.0",
      "resolved": "https://registry.npmjs.org/strip-ansi/-/strip-ansi-5.2.0.tgz",
      "integrity": "sha512-DuRs1gKbBqsMKIZlrffwlug8MHkcnpjs5VPmL1PAh+mA30U0DTotfDZ0d2UUsXpPmPmMMJ6W773MaA3J+lbiWA==",
      "dev": true,
      "dependencies": {
        "ansi-regex": "^4.1.0"
      },
      "engines": {
        "node": ">=6"
      }
    }
  }
}
